
Microsoft Visual Studio Solution File, Format Version 12.00
# Visual Studio Version 17
VisualStudioVersion = 17.7.34003.232
MinimumVisualStudioVersion = 10.0.40219.1
Project("{9A19103F-16F7-4668-BE54-9A1E7A4F7556}") = "drivePackEd", "drivePackEd\drivePackEd.csproj", "{10845B57-5130-4E00-8168-43974429C02A}"
EndProject
Project("{54435603-DBB4-11D2-8724-00A0C9A8B90C}") = "Installer", "Installer\Installer.vdproj", "{627BD3ED-69A5-4122-B473-FA626B55F333}"
EndProject
Global
	GlobalSection(SolutionConfigurationPlatforms) = preSolution
		Debug|Any CPU = Debug|Any CPU
		Release|Any CPU = Release|Any CPU
	EndGlobalSection
	GlobalSection(ProjectConfigurationPlatforms) = postSolution
		{10845B57-5130-4E00-8168-43974429C02A}.Debug|Any CPU.ActiveCfg = Debug|Any CPU
		{10845B57-5130-4E00-8168-43974429C02A}.Debug|Any CPU.Build.0 = Debug|Any CPU
		{10845B57-5130-4E00-8168-43974429C02A}.Release|Any CPU.ActiveCfg = Release|Any CPU
		{10845B57-5130-4E00-8168-43974429C02A}.Release|Any CPU.Build.0 = Release|Any CPU
		{627BD3ED-69A5-4122-B473-FA626B55F333}.Debug|Any CPU.ActiveCfg = Debug
		{627BD3ED-69A5-4122-B473-FA626B55F333}.Release|Any CPU.ActiveCfg = Release
	EndGlobalSection
	GlobalSection(SolutionProperties) = preSolution
		HideSolutionNode = FALSE
	EndGlobalSection
	GlobalSection(ExtensibilityGlobals) = postSolution
		SolutionGuid = {93013C81-6FCC-4D65-9AF2-A34EE761FB4C}
	EndGlobalSection
EndGlobal
